<?xml version='1.0' encoding='utf-8'?>
<Scheme LastUpgradeVersion="1600" version="1.7">
  <BuildAction parallelizeBuildables="YES" buildImplicitDependencies="YES">
    <BuildActionEntries>
      <BuildActionEntry buildForTesting="YES" buildForRunning="YES" buildForProfiling="YES" buildForArchiving="YES" buildForAnalyzing="YES">
        <BuildableReference BuildableIdentifier="primary" BlueprintIdentifier="AD330ED6C4EB2A4E16781F41" BuildableName="PulseLoom.app" BlueprintName="PulseLoom" ReferencedContainer="container:PulseLoom.xcodeproj" />
      </BuildActionEntry>
    </BuildActionEntries>
  </BuildAction>
  <TestAction buildConfiguration="Debug" selectedDebuggerIdentifier="Xcode.DebuggerFoundation.Debugger.LLDB" selectedLauncherIdentifier="Xcode.IDEFoundation.Launcher.LLDB" shouldUseLaunchSchemeArgsEnv="YES">
    <MacroExpansion>
      <BuildableReference BuildableIdentifier="primary" BlueprintIdentifier="AD330ED6C4EB2A4E16781F41" BuildableName="PulseLoom.app" BlueprintName="PulseLoom" ReferencedContainer="container:PulseLoom.xcodeproj" />
    </MacroExpansion>
    <Testables>
      <TestableReference skipped="NO">
        <BuildableReference BuildableIdentifier="primary" BlueprintIdentifier="F674FD766453E008FF90B80B" BuildableName="PulseLoomServiceTests.xctest" BlueprintName="PulseLoomServiceTests" ReferencedContainer="container:PulseLoom.xcodeproj" />
      </TestableReference>
    </Testables>
  </TestAction>
  <LaunchAction buildConfiguration="Debug" selectedDebuggerIdentifier="Xcode.DebuggerFoundation.Debugger.LLDB" selectedLauncherIdentifier="Xcode.IDEFoundation.Launcher.LLDB" launchStyle="0" useCustomWorkingDirectory="NO" ignoresPersistentStateOnLaunch="NO" debugDocumentVersioning="YES" allowLocationSimulation="NO">
    <BuildableProductRunnable runnableDebuggingMode="0">
      <BuildableReference BuildableIdentifier="primary" BlueprintIdentifier="AD330ED6C4EB2A4E16781F41" BuildableName="PulseLoom.app" BlueprintName="PulseLoom" ReferencedContainer="container:PulseLoom.xcodeproj" />
    </BuildableProductRunnable>
  </LaunchAction>
  <ProfileAction buildConfiguration="Release" shouldUseLaunchSchemeArgsEnv="YES" savedToolIdentifier="" useCustomWorkingDirectory="NO" debugDocumentVersioning="YES">
    <BuildableProductRunnable runnableDebuggingMode="0">
      <BuildableReference BuildableIdentifier="primary" BlueprintIdentifier="AD330ED6C4EB2A4E16781F41" BuildableName="PulseLoom.app" BlueprintName="PulseLoom" ReferencedContainer="container:PulseLoom.xcodeproj" />
    </BuildableProductRunnable>
  </ProfileAction>
  <AnalyzeAction buildConfiguration="Debug" />
  <ArchiveAction buildConfiguration="Release" revealArchiveInOrganizer="YES" />
</Scheme>